version: 1.0
shards:
  bindata:
    github: spider-gazelle/bindata
    version: 1.2.0

  grip:
    github: grip-framework/grip
    version: 0.28.2

  jwt:
    github: crystal-community/jwt
    version: 1.4.0

  openssl_ext:
    github: stakach/openssl_ext
    version: 1.2.0

  radix:
    github: luislavena/radix
    version: 0.3.9

  url-shortener:
    github: juanmougan/url-shortener
    version: 0.1.0

